
Microsoft Visual Studio Solution File, Format Version 12.00
# Visual Studio Version 16
VisualStudioVersion = 16.0.28922.388
MinimumVisualStudioVersion = 10.0.40219.1
Project("{FAE04EC0-301F-11D3-BF4B-00C04F79EFBC}") = "Reflection", "Reflection\Reflection.csproj", "{B338CA08-F1C4-486B-8A03-3D263198005C}"
EndProject
Project("{FAE04EC0-301F-11D3-BF4B-00C04F79EFBC}") = "MyImageEditor", "MyImageEditor\MyImageEditor.csproj", "{72556DF0-1245-47B8-A2B6-AE0746E796D5}"
EndProject
Project("{2150E333-8FDC-42A3-9474-1A3956D46DE8}") = "Plugins", "Plugins", "{5A8FA153-5AA6-4960-BFA3-170F16BB49F6}"
EndProject
Project("{FAE04EC0-301F-11D3-BF4B-00C04F79EFBC}") = "FlipImage", "FlipImage\FlipImage.csproj", "{9341BA35-FB17-4750-B952-E25203A80AD5}"
EndProject
Project("{FAE04EC0-301F-11D3-BF4B-00C04F79EFBC}") = "MakeColor", "MakeColor\MakeColor.csproj", "{303BA1C1-465D-4AF4-85DB-A27B2FB7EF71}"
EndProject
Global
	GlobalSection(SolutionConfigurationPlatforms) = preSolution
		Debug|Any CPU = Debug|Any CPU
		Release|Any CPU = Release|Any CPU
	EndGlobalSection
	GlobalSection(ProjectConfigurationPlatforms) = postSolution
		{B338CA08-F1C4-486B-8A03-3D263198005C}.Debug|Any CPU.ActiveCfg = Debug|Any CPU
		{B338CA08-F1C4-486B-8A03-3D263198005C}.Debug|Any CPU.Build.0 = Debug|Any CPU
		{B338CA08-F1C4-486B-8A03-3D263198005C}.Release|Any CPU.ActiveCfg = Release|Any CPU
		{B338CA08-F1C4-486B-8A03-3D263198005C}.Release|Any CPU.Build.0 = Release|Any CPU
		{72556DF0-1245-47B8-A2B6-AE0746E796D5}.Debug|Any CPU.ActiveCfg = Debug|Any CPU
		{72556DF0-1245-47B8-A2B6-AE0746E796D5}.Debug|Any CPU.Build.0 = Debug|Any CPU
		{72556DF0-1245-47B8-A2B6-AE0746E796D5}.Release|Any CPU.ActiveCfg = Release|Any CPU
		{72556DF0-1245-47B8-A2B6-AE0746E796D5}.Release|Any CPU.Build.0 = Release|Any CPU
		{9341BA35-FB17-4750-B952-E25203A80AD5}.Debug|Any CPU.ActiveCfg = Debug|Any CPU
		{9341BA35-FB17-4750-B952-E25203A80AD5}.Debug|Any CPU.Build.0 = Debug|Any CPU
		{9341BA35-FB17-4750-B952-E25203A80AD5}.Release|Any CPU.ActiveCfg = Release|Any CPU
		{9341BA35-FB17-4750-B952-E25203A80AD5}.Release|Any CPU.Build.0 = Release|Any CPU
		{303BA1C1-465D-4AF4-85DB-A27B2FB7EF71}.Debug|Any CPU.ActiveCfg = Debug|Any CPU
		{303BA1C1-465D-4AF4-85DB-A27B2FB7EF71}.Debug|Any CPU.Build.0 = Debug|Any CPU
		{303BA1C1-465D-4AF4-85DB-A27B2FB7EF71}.Release|Any CPU.ActiveCfg = Release|Any CPU
		{303BA1C1-465D-4AF4-85DB-A27B2FB7EF71}.Release|Any CPU.Build.0 = Release|Any CPU
	EndGlobalSection
	GlobalSection(SolutionProperties) = preSolution
		HideSolutionNode = FALSE
	EndGlobalSection
	GlobalSection(NestedProjects) = preSolution
		{9341BA35-FB17-4750-B952-E25203A80AD5} = {5A8FA153-5AA6-4960-BFA3-170F16BB49F6}
		{303BA1C1-465D-4AF4-85DB-A27B2FB7EF71} = {5A8FA153-5AA6-4960-BFA3-170F16BB49F6}
	EndGlobalSection
	GlobalSection(ExtensibilityGlobals) = postSolution
		SolutionGuid = {1562200D-E891-456D-A925-3B8A14DE0BA5}
	EndGlobalSection
EndGlobal
